
Microsoft Visual Studio Solution File, Format Version 12.00
# Visual Studio Version 17
VisualStudioVersion = 17.4.32804.182
MinimumVisualStudioVersion = 10.0.40219.1
Project("{FAE04EC0-301F-11D3-BF4B-00C04F79EFBC}") = "DeveloperConsole", "DeveloperConsole\DeveloperConsole.csproj", "{79EF0F7F-BA9C-4EE0-9A95-EC442CE0B81C}"
EndProject
Global
	GlobalSection(SolutionConfigurationPlatforms) = preSolution
		Debug|Any CPU = Debug|Any CPU
		Release|Any CPU = Release|Any CPU
	EndGlobalSection
	GlobalSection(ProjectConfigurationPlatforms) = postSolution
		{79EF0F7F-BA9C-4EE0-9A95-EC442CE0B81C}.Debug|Any CPU.ActiveCfg = Debug|Any CPU
		{79EF0F7F-BA9C-4EE0-9A95-EC442CE0B81C}.Debug|Any CPU.Build.0 = Debug|Any CPU
		{79EF0F7F-BA9C-4EE0-9A95-EC442CE0B81C}.Release|Any CPU.ActiveCfg = Release|Any CPU
		{79EF0F7F-BA9C-4EE0-9A95-EC442CE0B81C}.Release|Any CPU.Build.0 = Release|Any CPU
	EndGlobalSection
	GlobalSection(SolutionProperties) = preSolution
		HideSolutionNode = FALSE
	EndGlobalSection
	GlobalSection(ExtensibilityGlobals) = postSolution
		SolutionGuid = {603932BB-D8CC-467A-8A69-90FF30B88FAD}
	EndGlobalSection
EndGlobal
